
Microsoft Visual Studio Solution File, Format Version 12.00
# Visual Studio Version 17
VisualStudioVersion = 17.0.31903.59
MinimumVisualStudioVersion = 10.0.40219.1
Project("{9A19103F-16F7-4668-BE54-9A1E7A4F7556}") = "TNN.Scrap", "TNN.Scrap\TNN.Scrap.csproj", "{A7B43DF3-C0D2-4267-A301-154D2574C3C4}"
EndProject
Project("{FAE04EC0-301F-11D3-BF4B-00C04F79EFBC}") = "TNN.Test", "TNN.Test\TNN.Test.csproj", "{D4AEB312-DA6F-422B-AE8C-3636BF5FD0F9}"
EndProject
Project("{FAE04EC0-301F-11D3-BF4B-00C04F79EFBC}") = "TNN.Domain", "TNN.Domain\TNN.Domain\TNN.Domain.csproj", "{1BAD41A9-A47B-46E1-9C9B-06D2641A11D1}"
EndProject
Project("{FAE04EC0-301F-11D3-BF4B-00C04F79EFBC}") = "TNN.Infra", "TNN.Infra\TNN.Infra\TNN.Infra.csproj", "{428F5E6A-0896-4EF8-911E-9F088935E419}"
EndProject
Global
	GlobalSection(SolutionConfigurationPlatforms) = preSolution
		Debug|Any CPU = Debug|Any CPU
		Release|Any CPU = Release|Any CPU
	EndGlobalSection
	GlobalSection(ProjectConfigurationPlatforms) = postSolution
		{A7B43DF3-C0D2-4267-A301-154D2574C3C4}.Debug|Any CPU.ActiveCfg = Debug|Any CPU
		{A7B43DF3-C0D2-4267-A301-154D2574C3C4}.Debug|Any CPU.Build.0 = Debug|Any CPU
		{A7B43DF3-C0D2-4267-A301-154D2574C3C4}.Release|Any CPU.ActiveCfg = Release|Any CPU
		{A7B43DF3-C0D2-4267-A301-154D2574C3C4}.Release|Any CPU.Build.0 = Release|Any CPU
		{D4AEB312-DA6F-422B-AE8C-3636BF5FD0F9}.Debug|Any CPU.ActiveCfg = Debug|Any CPU
		{D4AEB312-DA6F-422B-AE8C-3636BF5FD0F9}.Debug|Any CPU.Build.0 = Debug|Any CPU
		{D4AEB312-DA6F-422B-AE8C-3636BF5FD0F9}.Release|Any CPU.ActiveCfg = Release|Any CPU
		{D4AEB312-DA6F-422B-AE8C-3636BF5FD0F9}.Release|Any CPU.Build.0 = Release|Any CPU
		{1BAD41A9-A47B-46E1-9C9B-06D2641A11D1}.Debug|Any CPU.ActiveCfg = Debug|Any CPU
		{1BAD41A9-A47B-46E1-9C9B-06D2641A11D1}.Debug|Any CPU.Build.0 = Debug|Any CPU
		{1BAD41A9-A47B-46E1-9C9B-06D2641A11D1}.Release|Any CPU.ActiveCfg = Release|Any CPU
		{1BAD41A9-A47B-46E1-9C9B-06D2641A11D1}.Release|Any CPU.Build.0 = Release|Any CPU
		{428F5E6A-0896-4EF8-911E-9F088935E419}.Debug|Any CPU.ActiveCfg = Debug|Any CPU
		{428F5E6A-0896-4EF8-911E-9F088935E419}.Debug|Any CPU.Build.0 = Debug|Any CPU
		{428F5E6A-0896-4EF8-911E-9F088935E419}.Release|Any CPU.ActiveCfg = Release|Any CPU
		{428F5E6A-0896-4EF8-911E-9F088935E419}.Release|Any CPU.Build.0 = Release|Any CPU
	EndGlobalSection
	GlobalSection(SolutionProperties) = preSolution
		HideSolutionNode = FALSE
	EndGlobalSection
	GlobalSection(ExtensibilityGlobals) = postSolution
		SolutionGuid = {79E6AA3C-9D1F-4085-B6A8-D4C5E939649C}
	EndGlobalSection
EndGlobal
